
Microsoft Visual Studio Solution File, Format Version 12.00
# Visual Studio Version 16
VisualStudioVersion = 16.0.29519.181
MinimumVisualStudioVersion = 10.0.40219.1
Project("{FAE04EC0-301F-11D3-BF4B-00C04F79EFBC}") = "JotWpfDemo", "JotWpfDemo\JotWpfDemo.csproj", "{EA693D12-7E98-426B-9C8C-C0617EEA331B}"
EndProject
Global
	GlobalSection(SolutionConfigurationPlatforms) = preSolution
		Debug|Any CPU = Debug|Any CPU
		Release|Any CPU = Release|Any CPU
	EndGlobalSection
	GlobalSection(ProjectConfigurationPlatforms) = postSolution
		{EA693D12-7E98-426B-9C8C-C0617EEA331B}.Debug|Any CPU.ActiveCfg = Debug|Any CPU
		{EA693D12-7E98-426B-9C8C-C0617EEA331B}.Debug|Any CPU.Build.0 = Debug|Any CPU
		{EA693D12-7E98-426B-9C8C-C0617EEA331B}.Release|Any CPU.ActiveCfg = Release|Any CPU
		{EA693D12-7E98-426B-9C8C-C0617EEA331B}.Release|Any CPU.Build.0 = Release|Any CPU
	EndGlobalSection
	GlobalSection(SolutionProperties) = preSolution
		HideSolutionNode = FALSE
	EndGlobalSection
	GlobalSection(ExtensibilityGlobals) = postSolution
		SolutionGuid = {460ADE5A-5D09-4281-9933-18C74AE0AF59}
	EndGlobalSection
EndGlobal
